
Microsoft Visual Studio Solution File, Format Version 12.00
# Visual Studio Version 17
VisualStudioVersion = 17.12.35527.113 d17.12
MinimumVisualStudioVersion = 10.0.40219.1
Project("{FAE04EC0-301F-11D3-BF4B-00C04F79EFBC}") = "GrpcService", "GrpcService\GrpcService.csproj", "{4FA3E438-884A-4926-B6D5-83D5B5F0FB3A}"
EndProject
Project("{FAE04EC0-301F-11D3-BF4B-00C04F79EFBC}") = "dotnetGrpcClient", "dotnetGrpcClient\dotnetGrpcClient.csproj", "{ABFD173A-FA4A-4D67-8418-0844DD89BB29}"
EndProject
Global
	GlobalSection(SolutionConfigurationPlatforms) = preSolution
		Debug|Any CPU = Debug|Any CPU
		Release|Any CPU = Release|Any CPU
	EndGlobalSection
	GlobalSection(ProjectConfigurationPlatforms) = postSolution
		{4FA3E438-884A-4926-B6D5-83D5B5F0FB3A}.Debug|Any CPU.ActiveCfg = Debug|Any CPU
		{4FA3E438-884A-4926-B6D5-83D5B5F0FB3A}.Debug|Any CPU.Build.0 = Debug|Any CPU
		{4FA3E438-884A-4926-B6D5-83D5B5F0FB3A}.Release|Any CPU.ActiveCfg = Release|Any CPU
		{4FA3E438-884A-4926-B6D5-83D5B5F0FB3A}.Release|Any CPU.Build.0 = Release|Any CPU
		{ABFD173A-FA4A-4D67-8418-0844DD89BB29}.Debug|Any CPU.ActiveCfg = Debug|Any CPU
		{ABFD173A-FA4A-4D67-8418-0844DD89BB29}.Debug|Any CPU.Build.0 = Debug|Any CPU
		{ABFD173A-FA4A-4D67-8418-0844DD89BB29}.Release|Any CPU.ActiveCfg = Release|Any CPU
		{ABFD173A-FA4A-4D67-8418-0844DD89BB29}.Release|Any CPU.Build.0 = Release|Any CPU
	EndGlobalSection
	GlobalSection(SolutionProperties) = preSolution
		HideSolutionNode = FALSE
	EndGlobalSection
EndGlobal
